
Microsoft Visual Studio Solution File, Format Version 12.00
# Visual Studio 15
VisualStudioVersion = 15.0.27703.2000
MinimumVisualStudioVersion = 10.0.40219.1
Project("{FAE04EC0-301F-11D3-BF4B-00C04F79EFBC}") = "ConsoleApp2", "ConsoleApp2.csproj", "{EC88A5A4-EF1D-4404-AF9E-D18962027D7C}"
EndProject
Global
	GlobalSection(SolutionConfigurationPlatforms) = preSolution
		Debug|Any CPU = Debug|Any CPU
		Release|Any CPU = Release|Any CPU
	EndGlobalSection
	GlobalSection(ProjectConfigurationPlatforms) = postSolution
		{EC88A5A4-EF1D-4404-AF9E-D18962027D7C}.Debug|Any CPU.ActiveCfg = Debug|Any CPU
		{EC88A5A4-EF1D-4404-AF9E-D18962027D7C}.Debug|Any CPU.Build.0 = Debug|Any CPU
		{EC88A5A4-EF1D-4404-AF9E-D18962027D7C}.Release|Any CPU.ActiveCfg = Release|Any CPU
		{EC88A5A4-EF1D-4404-AF9E-D18962027D7C}.Release|Any CPU.Build.0 = Release|Any CPU
	EndGlobalSection
	GlobalSection(SolutionProperties) = preSolution
		HideSolutionNode = FALSE
	EndGlobalSection
	GlobalSection(ExtensibilityGlobals) = postSolution
		SolutionGuid = {CC7AEEB3-B8D8-4C3D-AE8D-8119EDFE7432}
	EndGlobalSection
EndGlobal
